
Microsoft Visual Studio Solution File, Format Version 11.00
# Visual Studio 2010
Project("{FAE04EC0-301F-11D3-BF4B-00C04F79EFBC}") = "Final Frontier", "Assembly-CSharp.csproj", "{1A5F7A6D-2633-3C54-1AD3-EC54641C61CB}"
EndProject
Global
	GlobalSection(SolutionConfigurationPlatforms) = preSolution
		Debug|Any CPU = Debug|Any CPU
		Release|Any CPU = Release|Any CPU
	EndGlobalSection
	GlobalSection(ProjectConfigurationPlatforms) = postSolution
		{1A5F7A6D-2633-3C54-1AD3-EC54641C61CB}.Debug|Any CPU.ActiveCfg = Debug|Any CPU
		{1A5F7A6D-2633-3C54-1AD3-EC54641C61CB}.Debug|Any CPU.Build.0 = Debug|Any CPU
		{1A5F7A6D-2633-3C54-1AD3-EC54641C61CB}.Release|Any CPU.ActiveCfg = Release|Any CPU
		{1A5F7A6D-2633-3C54-1AD3-EC54641C61CB}.Release|Any CPU.Build.0 = Release|Any CPU
	EndGlobalSection
	GlobalSection(SolutionProperties) = preSolution
		HideSolutionNode = FALSE
	EndGlobalSection
	GlobalSection(MonoDevelopProperties) = preSolution
		StartupItem = Assembly-CSharp.csproj
	EndGlobalSection
EndGlobal
